
Microsoft Visual Studio Solution File, Format Version 12.00
# Visual Studio 15
VisualStudioVersion = 15.0.28307.168
MinimumVisualStudioVersion = 10.0.40219.1
Project("{FAE04EC0-301F-11D3-BF4B-00C04F79EFBC}") = "Skia_Sharp_Prueba.Android", "Skia_Sharp_Prueba\Skia_Sharp_Prueba.Android\Skia_Sharp_Prueba.Android.csproj", "{768958B7-94D7-4E50-A390-CE4B3AF7FD54}"
EndProject
Project("{FAE04EC0-301F-11D3-BF4B-00C04F79EFBC}") = "Skia_Sharp_Prueba.iOS", "Skia_Sharp_Prueba\Skia_Sharp_Prueba.iOS\Skia_Sharp_Prueba.iOS.csproj", "{D4EE3F0E-6F3E-4572-B00B-5A37CD1F75D6}"
EndProject
Project("{FAE04EC0-301F-11D3-BF4B-00C04F79EFBC}") = "Skia_Sharp_Prueba.UWP", "Skia_Sharp_Prueba\Skia_Sharp_Prueba.UWP\Skia_Sharp_Prueba.UWP.csproj", "{5EC45AF1-F678-45A2-8ED5-A7526624348E}"
EndProject
Project("{FAE04EC0-301F-11D3-BF4B-00C04F79EFBC}") = "Skia_Sharp_Prueba", "Skia_Sharp_Prueba\Skia_Sharp_Prueba\Skia_Sharp_Prueba.csproj", "{AFBAD926-33A4-4C8A-9676-944C13083405}"
EndProject
Global
	GlobalSection(SolutionConfigurationPlatforms) = preSolution
		Ad-Hoc|Any CPU = Ad-Hoc|Any CPU
		Ad-Hoc|ARM = Ad-Hoc|ARM
		Ad-Hoc|iPhone = Ad-Hoc|iPhone
		Ad-Hoc|iPhoneSimulator = Ad-Hoc|iPhoneSimulator
		Ad-Hoc|x64 = Ad-Hoc|x64
		Ad-Hoc|x86 = Ad-Hoc|x86
		AppStore|Any CPU = AppStore|Any CPU
		AppStore|ARM = AppStore|ARM
		AppStore|iPhone = AppStore|iPhone
		AppStore|iPhoneSimulator = AppStore|iPhoneSimulator
		AppStore|x64 = AppStore|x64
		AppStore|x86 = AppStore|x86
		Debug|Any CPU = Debug|Any CPU
		Debug|ARM = Debug|ARM
		Debug|iPhone = Debug|iPhone
		Debug|iPhoneSimulator = Debug|iPhoneSimulator
		Debug|x64 = Debug|x64
		Debug|x86 = Debug|x86
		Release|Any CPU = Release|Any CPU
		Release|ARM = Release|ARM
		Release|iPhone = Release|iPhone
		Release|iPhoneSimulator = Release|iPhoneSimulator
		Release|x64 = Release|x64
		Release|x86 = Release|x86
	EndGlobalSection
	GlobalSection(ProjectConfigurationPlatforms) = postSolution
		{768958B7-94D7-4E50-A390-CE4B3AF7FD54}.Ad-Hoc|Any CPU.ActiveCfg = Release|Any CPU
		{768958B7-94D7-4E50-A390-CE4B3AF7FD54}.Ad-Hoc|Any CPU.Build.0 = Release|Any CPU
		{768958B7-94D7-4E50-A390-CE4B3AF7FD54}.Ad-Hoc|Any CPU.Deploy.0 = Release|Any CPU
		{768958B7-94D7-4E50-A390-CE4B3AF7FD54}.Ad-Hoc|ARM.ActiveCfg = Release|Any CPU
		{768958B7-94D7-4E50-A390-CE4B3AF7FD54}.Ad-Hoc|ARM.Build.0 = Release|Any CPU
		{768958B7-94D7-4E50-A390-CE4B3AF7FD54}.Ad-Hoc|ARM.Deploy.0 = Release|Any CPU
		{768958B7-94D7-4E50-A390-CE4B3AF7FD54}.Ad-Hoc|iPhone.ActiveCfg = Release|Any CPU
		{768958B7-94D7-4E50-A390-CE4B3AF7FD54}.Ad-Hoc|iPhone.Build.0 = Release|Any CPU
		{768958B7-94D7-4E50-A390-CE4B3AF7FD54}.Ad-Hoc|iPhone.Deploy.0 = Release|Any CPU
		{768958B7-94D7-4E50-A390-CE4B3AF7FD54}.Ad-Hoc|iPhoneSimulator.ActiveCfg = Release|Any CPU
		{768958B7-94D7-4E50-A390-CE4B3AF7FD54}.Ad-Hoc|iPhoneSimulator.Build.0 = Release|Any CPU
		{768958B7-94D7-4E50-A390-CE4B3AF7FD54}.Ad-Hoc|iPhoneSimulator.Deploy.0 = Release|Any CPU
		{768958B7-94D7-4E50-A390-CE4B3AF7FD54}.Ad-Hoc|x64.ActiveCfg = Release|Any CPU
		{768958B7-94D7-4E50-A390-CE4B3AF7FD54}.Ad-Hoc|x64.Build.0 = Release|Any CPU
		{768958B7-94D7-4E50-A390-CE4B3AF7FD54}.Ad-Hoc|x64.Deploy.0 = Release|Any CPU
		{768958B7-94D7-4E50-A390-CE4B3AF7FD54}.Ad-Hoc|x86.ActiveCfg = Release|Any CPU
		{768958B7-94D7-4E50-A390-CE4B3AF7FD54}.Ad-Hoc|x86.Build.0 = Release|Any CPU
		{768958B7-94D7-4E50-A390-CE4B3AF7FD54}.Ad-Hoc|x86.Deploy.0 = Release|Any CPU
		{768958B7-94D7-4E50-A390-CE4B3AF7FD54}.AppStore|Any CPU.ActiveCfg = Release|Any CPU
		{768958B7-94D7-4E50-A390-CE4B3AF7FD54}.AppStore|Any CPU.Build.0 = Release|Any CPU
		{768958B7-94D7-4E50-A390-CE4B3AF7FD54}.AppStore|Any CPU.Deploy.0 = Release|Any CPU
		{768958B7-94D7-4E50-A390-CE4B3AF7FD54}.AppStore|ARM.ActiveCfg = Release|Any CPU
		{768958B7-94D7-4E50-A390-CE4B3AF7FD54}.AppStore|ARM.Build.0 = Release|Any CPU
		{768958B7-94D7-4E50-A390-CE4B3AF7FD54}.AppStore|ARM.Deploy.0 = Release|Any CPU
		{768958B7-94D7-4E50-A390-CE4B3AF7FD54}.AppStore|iPhone.ActiveCfg = Release|Any CPU
		{768958B7-94D7-4E50-A390-CE4B3AF7FD54}.AppStore|iPhone.Build.0 = Release|Any CPU
		{768958B7-94D7-4E50-A390-CE4B3AF7FD54}.AppStore|iPhone.Deploy.0 = Release|Any CPU
		{768958B7-94D7-4E50-A390-CE4B3AF7FD54}.AppStore|iPhoneSimulator.ActiveCfg = Release|Any CPU
		{768958B7-94D7-4E50-A390-CE4B3AF7FD54}.AppStore|iPhoneSimulator.Build.0 = Release|Any CPU
		{768958B7-94D7-4E50-A390-CE4B3AF7FD54}.AppStore|iPhoneSimulator.Deploy.0 = Release|Any CPU
		{768958B7-94D7-4E50-A390-CE4B3AF7FD54}.AppStore|x64.ActiveCfg = Release|Any CPU
		{768958B7-94D7-4E50-A390-CE4B3AF7FD54}.AppStore|x64.Build.0 = Release|Any CPU
		{768958B7-94D7-4E50-A390-CE4B3AF7FD54}.AppStore|x64.Deploy.0 = Release|Any CPU
		{768958B7-94D7-4E50-A390-CE4B3AF7FD54}.AppStore|x86.ActiveCfg = Release|Any CPU
		{768958B7-94D7-4E50-A390-CE4B3AF7FD54}.AppStore|x86.Build.0 = Release|Any CPU
		{768958B7-94D7-4E50-A390-CE4B3AF7FD54}.AppStore|x86.Deploy.0 = Release|Any CPU
		{768958B7-94D7-4E50-A390-CE4B3AF7FD54}.Debug|Any CPU.ActiveCfg = Debug|Any CPU
		{768958B7-94D7-4E50-A390-CE4B3AF7FD54}.Debug|Any CPU.Build.0 = Debug|Any CPU
		{768958B7-94D7-4E50-A390-CE4B3AF7FD54}.Debug|Any CPU.Deploy.0 = Debug|Any CPU
		{768958B7-94D7-4E50-A390-CE4B3AF7FD54}.Debug|ARM.ActiveCfg = Debug|Any CPU
		{768958B7-94D7-4E50-A390-CE4B3AF7FD54}.Debug|ARM.Build.0 = Debug|Any CPU
		{768958B7-94D7-4E50-A390-CE4B3AF7FD54}.Debug|ARM.Deploy.0 = Debug|Any CPU
		{768958B7-94D7-4E50-A390-CE4B3AF7FD54}.Debug|iPhone.ActiveCfg = Debug|Any CPU
		{768958B7-94D7-4E50-A390-CE4B3AF7FD54}.Debug|iPhone.Build.0 = Debug|Any CPU
		{768958B7-94D7-4E50-A390-CE4B3AF7FD54}.Debug|iPhone.Deploy.0 = Debug|Any CPU
		{768958B7-94D7-4E50-A390-CE4B3AF7FD54}.Debug|iPhoneSimulator.ActiveCfg = Debug|Any CPU
		{768958B7-94D7-4E50-A390-CE4B3AF7FD54}.Debug|iPhoneSimulator.Build.0 = Debug|Any CPU
		{768958B7-94D7-4E50-A390-CE4B3AF7FD54}.Debug|iPhoneSimulator.Deploy.0 = Debug|Any CPU
		{768958B7-94D7-4E50-A390-CE4B3AF7FD54}.Debug|x64.ActiveCfg = Debug|Any CPU
		{768958B7-94D7-4E50-A390-CE4B3AF7FD54}.Debug|x64.Build.0 = Debug|Any CPU
		{768958B7-94D7-4E50-A390-CE4B3AF7FD54}.Debug|x64.Deploy.0 = Debug|Any CPU
		{768958B7-94D7-4E50-A390-CE4B3AF7FD54}.Debug|x86.ActiveCfg = Debug|Any CPU
		{768958B7-94D7-4E50-A390-CE4B3AF7FD54}.Debug|x86.Build.0 = Debug|Any CPU
		{768958B7-94D7-4E50-A390-CE4B3AF7FD54}.Debug|x86.Deploy.0 = Debug|Any CPU
		{768958B7-94D7-4E50-A390-CE4B3AF7FD54}.Release|Any CPU.ActiveCfg = Release|Any CPU
		{768958B7-94D7-4E50-A390-CE4B3AF7FD54}.Release|Any CPU.Build.0 = Release|Any CPU
		{768958B7-94D7-4E50-A390-CE4B3AF7FD54}.Release|Any CPU.Deploy.0 = Release|Any CPU
		{768958B7-94D7-4E50-A390-CE4B3AF7FD54}.Release|ARM.ActiveCfg = Release|Any CPU
		{768958B7-94D7-4E50-A390-CE4B3AF7FD54}.Release|ARM.Build.0 = Release|Any CPU
		{768958B7-94D7-4E50-A390-CE4B3AF7FD54}.Release|ARM.Deploy.0 = Release|Any CPU
		{768958B7-94D7-4E50-A390-CE4B3AF7FD54}.Release|iPhone.ActiveCfg = Release|Any CPU
		{768958B7-94D7-4E50-A390-CE4B3AF7FD54}.Release|iPhone.Build.0 = Release|Any CPU
		{768958B7-94D7-4E50-A390-CE4B3AF7FD54}.Release|iPhone.Deploy.0 = Release|Any CPU
		{768958B7-94D7-4E50-A390-CE4B3AF7FD54}.Release|iPhoneSimulator.ActiveCfg = Release|Any CPU
		{768958B7-94D7-4E50-A390-CE4B3AF7FD54}.Release|iPhoneSimulator.Build.0 = Release|Any CPU
		{768958B7-94D7-4E50-A390-CE4B3AF7FD54}.Release|iPhoneSimulator.Deploy.0 = Release|Any CPU
		{768958B7-94D7-4E50-A390-CE4B3AF7FD54}.Release|x64.ActiveCfg = Release|Any CPU
		{768958B7-94D7-4E50-A390-CE4B3AF7FD54}.Release|x64.Build.0 = Release|Any CPU
		{768958B7-94D7-4E50-A390-CE4B3AF7FD54}.Release|x64.Deploy.0 = Release|Any CPU
		{768958B7-94D7-4E50-A390-CE4B3AF7FD54}.Release|x86.ActiveCfg = Release|Any CPU
		{768958B7-94D7-4E50-A390-CE4B3AF7FD54}.Release|x86.Build.0 = Release|Any CPU
		{768958B7-94D7-4E50-A390-CE4B3AF7FD54}.Release|x86.Deploy.0 = Release|Any CPU
		{D4EE3F0E-6F3E-4572-B00B-5A37CD1F75D6}.Ad-Hoc|Any CPU.ActiveCfg = Ad-Hoc|iPhone
		{D4EE3F0E-6F3E-4572-B00B-5A37CD1F75D6}.Ad-Hoc|Any CPU.Build.0 = Ad-Hoc|iPhone
		{D4EE3F0E-6F3E-4572-B00B-5A37CD1F75D6}.Ad-Hoc|Any CPU.Deploy.0 = Ad-Hoc|iPhone
		{D4EE3F0E-6F3E-4572-B00B-5A37CD1F75D6}.Ad-Hoc|ARM.ActiveCfg = Ad-Hoc|iPhone
		{D4EE3F0E-6F3E-4572-B00B-5A37CD1F75D6}.Ad-Hoc|ARM.Build.0 = Ad-Hoc|iPhone
		{D4EE3F0E-6F3E-4572-B00B-5A37CD1F75D6}.Ad-Hoc|ARM.Deploy.0 = Ad-Hoc|iPhone
		{D4EE3F0E-6F3E-4572-B00B-5A37CD1F75D6}.Ad-Hoc|iPhone.ActiveCfg = Ad-Hoc|iPhone
		{D4EE3F0E-6F3E-4572-B00B-5A37CD1F75D6}.Ad-Hoc|iPhone.Build.0 = Ad-Hoc|iPhone
		{D4EE3F0E-6F3E-4572-B00B-5A37CD1F75D6}.Ad-Hoc|iPhone.Deploy.0 = Ad-Hoc|iPhone
		{D4EE3F0E-6F3E-4572-B00B-5A37CD1F75D6}.Ad-Hoc|iPhoneSimulator.ActiveCfg = Ad-Hoc|iPhoneSimulator
		{D4EE3F0E-6F3E-4572-B00B-5A37CD1F75D6}.Ad-Hoc|iPhoneSimulator.Build.0 = Ad-Hoc|iPhoneSimulator
		{D4EE3F0E-6F3E-4572-B00B-5A37CD1F75D6}.Ad-Hoc|iPhoneSimulator.Deploy.0 = Ad-Hoc|iPhoneSimulator
		{D4EE3F0E-6F3E-4572-B00B-5A37CD1F75D6}.Ad-Hoc|x64.ActiveCfg = Ad-Hoc|iPhone
		{D4EE3F0E-6F3E-4572-B00B-5A37CD1F75D6}.Ad-Hoc|x64.Build.0 = Ad-Hoc|iPhone
		{D4EE3F0E-6F3E-4572-B00B-5A37CD1F75D6}.Ad-Hoc|x64.Deploy.0 = Ad-Hoc|iPhone
		{D4EE3F0E-6F3E-4572-B00B-5A37CD1F75D6}.Ad-Hoc|x86.ActiveCfg = Ad-Hoc|iPhone
		{D4EE3F0E-6F3E-4572-B00B-5A37CD1F75D6}.Ad-Hoc|x86.Build.0 = Ad-Hoc|iPhone
		{D4EE3F0E-6F3E-4572-B00B-5A37CD1F75D6}.Ad-Hoc|x86.Deploy.0 = Ad-Hoc|iPhone
		{D4EE3F0E-6F3E-4572-B00B-5A37CD1F75D6}.AppStore|Any CPU.ActiveCfg = AppStore|iPhone
		{D4EE3F0E-6F3E-4572-B00B-5A37CD1F75D6}.AppStore|Any CPU.Build.0 = AppStore|iPhone
		{D4EE3F0E-6F3E-4572-B00B-5A37CD1F75D6}.AppStore|Any CPU.Deploy.0 = AppStore|iPhone
		{D4EE3F0E-6F3E-4572-B00B-5A37CD1F75D6}.AppStore|ARM.ActiveCfg = AppStore|iPhone
		{D4EE3F0E-6F3E-4572-B00B-5A37CD1F75D6}.AppStore|ARM.Build.0 = AppStore|iPhone
		{D4EE3F0E-6F3E-4572-B00B-5A37CD1F75D6}.AppStore|ARM.Deploy.0 = AppStore|iPhone
		{D4EE3F0E-6F3E-4572-B00B-5A37CD1F75D6}.AppStore|iPhone.ActiveCfg = AppStore|iPhone
		{D4EE3F0E-6F3E-4572-B00B-5A37CD1F75D6}.AppStore|iPhone.Build.0 = AppStore|iPhone
		{D4EE3F0E-6F3E-4572-B00B-5A37CD1F75D6}.AppStore|iPhone.Deploy.0 = AppStore|iPhone
		{D4EE3F0E-6F3E-4572-B00B-5A37CD1F75D6}.AppStore|iPhoneSimulator.ActiveCfg = AppStore|iPhoneSimulator
		{D4EE3F0E-6F3E-4572-B00B-5A37CD1F75D6}.AppStore|iPhoneSimulator.Build.0 = AppStore|iPhoneSimulator
		{D4EE3F0E-6F3E-4572-B00B-5A37CD1F75D6}.AppStore|iPhoneSimulator.Deploy.0 = AppStore|iPhoneSimulator
		{D4EE3F0E-6F3E-4572-B00B-5A37CD1F75D6}.AppStore|x64.ActiveCfg = AppStore|iPhone
		{D4EE3F0E-6F3E-4572-B00B-5A37CD1F75D6}.AppStore|x64.Build.0 = AppStore|iPhone
		{D4EE3F0E-6F3E-4572-B00B-5A37CD1F75D6}.AppStore|x64.Deploy.0 = AppStore|iPhone
		{D4EE3F0E-6F3E-4572-B00B-5A37CD1F75D6}.AppStore|x86.ActiveCfg = AppStore|iPhone
		{D4EE3F0E-6F3E-4572-B00B-5A37CD1F75D6}.AppStore|x86.Build.0 = AppStore|iPhone
		{D4EE3F0E-6F3E-4572-B00B-5A37CD1F75D6}.AppStore|x86.Deploy.0 = AppStore|iPhone
		{D4EE3F0E-6F3E-4572-B00B-5A37CD1F75D6}.Debug|Any CPU.ActiveCfg = Debug|iPhoneSimulator
		{D4EE3F0E-6F3E-4572-B00B-5A37CD1F75D6}.Debug|Any CPU.Build.0 = Debug|iPhoneSimulator
		{D4EE3F0E-6F3E-4572-B00B-5A37CD1F75D6}.Debug|Any CPU.Deploy.0 = Debug|iPhoneSimulator
		{D4EE3F0E-6F3E-4572-B00B-5A37CD1F75D6}.Debug|ARM.ActiveCfg = Debug|iPhone
		{D4EE3F0E-6F3E-4572-B00B-5A37CD1F75D6}.Debug|ARM.Build.0 = Debug|iPhone
		{D4EE3F0E-6F3E-4572-B00B-5A37CD1F75D6}.Debug|ARM.Deploy.0 = Debug|iPhone
		{D4EE3F0E-6F3E-4572-B00B-5A37CD1F75D6}.Debug|iPhone.ActiveCfg = Debug|iPhone
		{D4EE3F0E-6F3E-4572-B00B-5A37CD1F75D6}.Debug|iPhone.Build.0 = Debug|iPhone
		{D4EE3F0E-6F3E-4572-B00B-5A37CD1F75D6}.Debug|iPhone.Deploy.0 = Debug|iPhone
		{D4EE3F0E-6F3E-4572-B00B-5A37CD1F75D6}.Debug|iPhoneSimulator.ActiveCfg = Debug|iPhoneSimulator
		{D4EE3F0E-6F3E-4572-B00B-5A37CD1F75D6}.Debug|iPhoneSimulator.Build.0 = Debug|iPhoneSimulator
		{D4EE3F0E-6F3E-4572-B00B-5A37CD1F75D6}.Debug|iPhoneSimulator.Deploy.0 = Debug|iPhoneSimulator
		{D4EE3F0E-6F3E-4572-B00B-5A37CD1F75D6}.Debug|x64.ActiveCfg = Debug|iPhone
		{D4EE3F0E-6F3E-4572-B00B-5A37CD1F75D6}.Debug|x64.Build.0 = Debug|iPhone
		{D4EE3F0E-6F3E-4572-B00B-5A37CD1F75D6}.Debug|x64.Deploy.0 = Debug|iPhone
		{D4EE3F0E-6F3E-4572-B00B-5A37CD1F75D6}.Debug|x86.ActiveCfg = Debug|iPhone
		{D4EE3F0E-6F3E-4572-B00B-5A37CD1F75D6}.Debug|x86.Build.0 = Debug|iPhone
		{D4EE3F0E-6F3E-4572-B00B-5A37CD1F75D6}.Debug|x86.Deploy.0 = Debug|iPhone
		{D4EE3F0E-6F3E-4572-B00B-5A37CD1F75D6}.Release|Any CPU.ActiveCfg = Release|iPhone
		{D4EE3F0E-6F3E-4572-B00B-5A37CD1F75D6}.Release|Any CPU.Build.0 = Release|iPhone
		{D4EE3F0E-6F3E-4572-B00B-5A37CD1F75D6}.Release|Any CPU.Deploy.0 = Release|iPhone
		{D4EE3F0E-6F3E-4572-B00B-5A37CD1F75D6}.Release|ARM.ActiveCfg = Release|iPhone
		{D4EE3F0E-6F3E-4572-B00B-5A37CD1F75D6}.Release|ARM.Build.0 = Release|iPhone
		{D4EE3F0E-6F3E-4572-B00B-5A37CD1F75D6}.Release|ARM.Deploy.0 = Release|iPhone
		{D4EE3F0E-6F3E-4572-B00B-5A37CD1F75D6}.Release|iPhone.ActiveCfg = Release|iPhone
		{D4EE3F0E-6F3E-4572-B00B-5A37CD1F75D6}.Release|iPhone.Build.0 = Release|iPhone
		{D4EE3F0E-6F3E-4572-B00B-5A37CD1F75D6}.Release|iPhone.Deploy.0 = Release|iPhone
		{D4EE3F0E-6F3E-4572-B00B-5A37CD1F75D6}.Release|iPhoneSimulator.ActiveCfg = Release|iPhoneSimulator
		{D4EE3F0E-6F3E-4572-B00B-5A37CD1F75D6}.Release|iPhoneSimulator.Build.0 = Release|iPhoneSimulator
		{D4EE3F0E-6F3E-4572-B00B-5A37CD1F75D6}.Release|iPhoneSimulator.Deploy.0 = Release|iPhoneSimulator
		{D4EE3F0E-6F3E-4572-B00B-5A37CD1F75D6}.Release|x64.ActiveCfg = Release|iPhone
		{D4EE3F0E-6F3E-4572-B00B-5A37CD1F75D6}.Release|x64.Build.0 = Release|iPhone
		{D4EE3F0E-6F3E-4572-B00B-5A37CD1F75D6}.Release|x64.Deploy.0 = Release|iPhone
		{D4EE3F0E-6F3E-4572-B00B-5A37CD1F75D6}.Release|x86.ActiveCfg = Release|iPhone
		{D4EE3F0E-6F3E-4572-B00B-5A37CD1F75D6}.Release|x86.Build.0 = Release|iPhone
		{D4EE3F0E-6F3E-4572-B00B-5A37CD1F75D6}.Release|x86.Deploy.0 = Release|iPhone
		{5EC45AF1-F678-45A2-8ED5-A7526624348E}.Ad-Hoc|Any CPU.ActiveCfg = Release|x86
		{5EC45AF1-F678-45A2-8ED5-A7526624348E}.Ad-Hoc|Any CPU.Build.0 = Release|x86
		{5EC45AF1-F678-45A2-8ED5-A7526624348E}.Ad-Hoc|Any CPU.Deploy.0 = Release|x86
		{5EC45AF1-F678-45A2-8ED5-A7526624348E}.Ad-Hoc|ARM.ActiveCfg = Release|ARM
		{5EC45AF1-F678-45A2-8ED5-A7526624348E}.Ad-Hoc|ARM.Build.0 = Release|ARM
		{5EC45AF1-F678-45A2-8ED5-A7526624348E}.Ad-Hoc|ARM.Deploy.0 = Release|ARM
		{5EC45AF1-F678-45A2-8ED5-A7526624348E}.Ad-Hoc|iPhone.ActiveCfg = Release|x86
		{5EC45AF1-F678-45A2-8ED5-A7526624348E}.Ad-Hoc|iPhone.Build.0 = Release|x86
		{5EC45AF1-F678-45A2-8ED5-A7526624348E}.Ad-Hoc|iPhone.Deploy.0 = Release|x86
		{5EC45AF1-F678-45A2-8ED5-A7526624348E}.Ad-Hoc|iPhoneSimulator.ActiveCfg = Release|x86
		{5EC45AF1-F678-45A2-8ED5-A7526624348E}.Ad-Hoc|iPhoneSimulator.Build.0 = Release|x86
		{5EC45AF1-F678-45A2-8ED5-A7526624348E}.Ad-Hoc|iPhoneSimulator.Deploy.0 = Release|x86
		{5EC45AF1-F678-45A2-8ED5-A7526624348E}.Ad-Hoc|x64.ActiveCfg = Release|x64
		{5EC45AF1-F678-45A2-8ED5-A7526624348E}.Ad-Hoc|x64.Build.0 = Release|x64
		{5EC45AF1-F678-45A2-8ED5-A7526624348E}.Ad-Hoc|x64.Deploy.0 = Release|x64
		{5EC45AF1-F678-45A2-8ED5-A7526624348E}.Ad-Hoc|x86.ActiveCfg = Release|x86
		{5EC45AF1-F678-45A2-8ED5-A7526624348E}.Ad-Hoc|x86.Build.0 = Release|x86
		{5EC45AF1-F678-45A2-8ED5-A7526624348E}.Ad-Hoc|x86.Deploy.0 = Release|x86
		{5EC45AF1-F678-45A2-8ED5-A7526624348E}.AppStore|Any CPU.ActiveCfg = Release|x86
		{5EC45AF1-F678-45A2-8ED5-A7526624348E}.AppStore|Any CPU.Build.0 = Release|x86
		{5EC45AF1-F678-45A2-8ED5-A7526624348E}.AppStore|Any CPU.Deploy.0 = Release|x86
		{5EC45AF1-F678-45A2-8ED5-A7526624348E}.AppStore|ARM.ActiveCfg = Release|ARM
		{5EC45AF1-F678-45A2-8ED5-A7526624348E}.AppStore|ARM.Build.0 = Release|ARM
		{5EC45AF1-F678-45A2-8ED5-A7526624348E}.AppStore|ARM.Deploy.0 = Release|ARM
		{5EC45AF1-F678-45A2-8ED5-A7526624348E}.AppStore|iPhone.ActiveCfg = Release|x86
		{5EC45AF1-F678-45A2-8ED5-A7526624348E}.AppStore|iPhone.Build.0 = Release|x86
		{5EC45AF1-F678-45A2-8ED5-A7526624348E}.AppStore|iPhone.Deploy.0 = Release|x86
		{5EC45AF1-F678-45A2-8ED5-A7526624348E}.AppStore|iPhoneSimulator.ActiveCfg = Release|x86
		{5EC45AF1-F678-45A2-8ED5-A7526624348E}.AppStore|iPhoneSimulator.Build.0 = Release|x86
		{5EC45AF1-F678-45A2-8ED5-A7526624348E}.AppStore|iPhoneSimulator.Deploy.0 = Release|x86
		{5EC45AF1-F678-45A2-8ED5-A7526624348E}.AppStore|x64.ActiveCfg = Release|x64
		{5EC45AF1-F678-45A2-8ED5-A7526624348E}.AppStore|x64.Build.0 = Release|x64
		{5EC45AF1-F678-45A2-8ED5-A7526624348E}.AppStore|x64.Deploy.0 = Release|x64
		{5EC45AF1-F678-45A2-8ED5-A7526624348E}.AppStore|x86.ActiveCfg = Release|x86
		{5EC45AF1-F678-45A2-8ED5-A7526624348E}.AppStore|x86.Build.0 = Release|x86
		{5EC45AF1-F678-45A2-8ED5-A7526624348E}.AppStore|x86.Deploy.0 = Release|x86
		{5EC45AF1-F678-45A2-8ED5-A7526624348E}.Debug|Any CPU.ActiveCfg = Debug|x86
		{5EC45AF1-F678-45A2-8ED5-A7526624348E}.Debug|Any CPU.Build.0 = Debug|x86
		{5EC45AF1-F678-45A2-8ED5-A7526624348E}.Debug|Any CPU.Deploy.0 = Debug|x86
		{5EC45AF1-F678-45A2-8ED5-A7526624348E}.Debug|ARM.ActiveCfg = Debug|ARM
		{5EC45AF1-F678-45A2-8ED5-A7526624348E}.Debug|ARM.Build.0 = Debug|ARM
		{5EC45AF1-F678-45A2-8ED5-A7526624348E}.Debug|ARM.Deploy.0 = Debug|ARM
		{5EC45AF1-F678-45A2-8ED5-A7526624348E}.Debug|iPhone.ActiveCfg = Debug|x86
		{5EC45AF1-F678-45A2-8ED5-A7526624348E}.Debug|iPhone.Build.0 = Debug|x86
		{5EC45AF1-F678-45A2-8ED5-A7526624348E}.Debug|iPhone.Deploy.0 = Debug|x86
		{5EC45AF1-F678-45A2-8ED5-A7526624348E}.Debug|iPhoneSimulator.ActiveCfg = Debug|x86
		{5EC45AF1-F678-45A2-8ED5-A7526624348E}.Debug|iPhoneSimulator.Build.0 = Debug|x86
		{5EC45AF1-F678-45A2-8ED5-A7526624348E}.Debug|iPhoneSimulator.Deploy.0 = Debug|x86
		{5EC45AF1-F678-45A2-8ED5-A7526624348E}.Debug|x64.ActiveCfg = Debug|x64
		{5EC45AF1-F678-45A2-8ED5-A7526624348E}.Debug|x64.Build.0 = Debug|x64
		{5EC45AF1-F678-45A2-8ED5-A7526624348E}.Debug|x64.Deploy.0 = Debug|x64
		{5EC45AF1-F678-45A2-8ED5-A7526624348E}.Debug|x86.ActiveCfg = Debug|x86
		{5EC45AF1-F678-45A2-8ED5-A7526624348E}.Debug|x86.Build.0 = Debug|x86
		{5EC45AF1-F678-45A2-8ED5-A7526624348E}.Debug|x86.Deploy.0 = Debug|x86
		{5EC45AF1-F678-45A2-8ED5-A7526624348E}.Release|Any CPU.ActiveCfg = Release|x86
		{5EC45AF1-F678-45A2-8ED5-A7526624348E}.Release|Any CPU.Build.0 = Release|x86
		{5EC45AF1-F678-45A2-8ED5-A7526624348E}.Release|Any CPU.Deploy.0 = Release|x86
		{5EC45AF1-F678-45A2-8ED5-A7526624348E}.Release|ARM.ActiveCfg = Release|ARM
		{5EC45AF1-F678-45A2-8ED5-A7526624348E}.Release|ARM.Build.0 = Release|ARM
		{5EC45AF1-F678-45A2-8ED5-A7526624348E}.Release|ARM.Deploy.0 = Release|ARM
		{5EC45AF1-F678-45A2-8ED5-A7526624348E}.Release|iPhone.ActiveCfg = Release|x86
		{5EC45AF1-F678-45A2-8ED5-A7526624348E}.Release|iPhone.Build.0 = Release|x86
		{5EC45AF1-F678-45A2-8ED5-A7526624348E}.Release|iPhone.Deploy.0 = Release|x86
		{5EC45AF1-F678-45A2-8ED5-A7526624348E}.Release|iPhoneSimulator.ActiveCfg = Release|x86
		{5EC45AF1-F678-45A2-8ED5-A7526624348E}.Release|iPhoneSimulator.Build.0 = Release|x86
		{5EC45AF1-F678-45A2-8ED5-A7526624348E}.Release|iPhoneSimulator.Deploy.0 = Release|x86
		{5EC45AF1-F678-45A2-8ED5-A7526624348E}.Release|x64.ActiveCfg = Release|x64
		{5EC45AF1-F678-45A2-8ED5-A7526624348E}.Release|x64.Build.0 = Release|x64
		{5EC45AF1-F678-45A2-8ED5-A7526624348E}.Release|x64.Deploy.0 = Release|x64
		{5EC45AF1-F678-45A2-8ED5-A7526624348E}.Release|x86.ActiveCfg = Release|x86
		{5EC45AF1-F678-45A2-8ED5-A7526624348E}.Release|x86.Build.0 = Release|x86
		{5EC45AF1-F678-45A2-8ED5-A7526624348E}.Release|x86.Deploy.0 = Release|x86
		{AFBAD926-33A4-4C8A-9676-944C13083405}.Ad-Hoc|Any CPU.ActiveCfg = Debug|Any CPU
		{AFBAD926-33A4-4C8A-9676-944C13083405}.Ad-Hoc|Any CPU.Build.0 = Debug|Any CPU
		{AFBAD926-33A4-4C8A-9676-944C13083405}.Ad-Hoc|Any CPU.Deploy.0 = Debug|Any CPU
		{AFBAD926-33A4-4C8A-9676-944C13083405}.Ad-Hoc|ARM.ActiveCfg = Debug|Any CPU
		{AFBAD926-33A4-4C8A-9676-944C13083405}.Ad-Hoc|ARM.Build.0 = Debug|Any CPU
		{AFBAD926-33A4-4C8A-9676-944C13083405}.Ad-Hoc|ARM.Deploy.0 = Debug|Any CPU
		{AFBAD926-33A4-4C8A-9676-944C13083405}.Ad-Hoc|iPhone.ActiveCfg = Debug|Any CPU
		{AFBAD926-33A4-4C8A-9676-944C13083405}.Ad-Hoc|iPhone.Build.0 = Debug|Any CPU
		{AFBAD926-33A4-4C8A-9676-944C13083405}.Ad-Hoc|iPhone.Deploy.0 = Debug|Any CPU
		{AFBAD926-33A4-4C8A-9676-944C13083405}.Ad-Hoc|iPhoneSimulator.ActiveCfg = Debug|Any CPU
		{AFBAD926-33A4-4C8A-9676-944C13083405}.Ad-Hoc|iPhoneSimulator.Build.0 = Debug|Any CPU
		{AFBAD926-33A4-4C8A-9676-944C13083405}.Ad-Hoc|iPhoneSimulator.Deploy.0 = Debug|Any CPU
		{AFBAD926-33A4-4C8A-9676-944C13083405}.Ad-Hoc|x64.ActiveCfg = Debug|Any CPU
		{AFBAD926-33A4-4C8A-9676-944C13083405}.Ad-Hoc|x64.Build.0 = Debug|Any CPU
		{AFBAD926-33A4-4C8A-9676-944C13083405}.Ad-Hoc|x64.Deploy.0 = Debug|Any CPU
		{AFBAD926-33A4-4C8A-9676-944C13083405}.Ad-Hoc|x86.ActiveCfg = Debug|Any CPU
		{AFBAD926-33A4-4C8A-9676-944C13083405}.Ad-Hoc|x86.Build.0 = Debug|Any CPU
		{AFBAD926-33A4-4C8A-9676-944C13083405}.Ad-Hoc|x86.Deploy.0 = Debug|Any CPU
		{AFBAD926-33A4-4C8A-9676-944C13083405}.AppStore|Any CPU.ActiveCfg = Debug|Any CPU
		{AFBAD926-33A4-4C8A-9676-944C13083405}.AppStore|Any CPU.Build.0 = Debug|Any CPU
		{AFBAD926-33A4-4C8A-9676-944C13083405}.AppStore|Any CPU.Deploy.0 = Debug|Any CPU
		{AFBAD926-33A4-4C8A-9676-944C13083405}.AppStore|ARM.ActiveCfg = Debug|Any CPU
		{AFBAD926-33A4-4C8A-9676-944C13083405}.AppStore|ARM.Build.0 = Debug|Any CPU
		{AFBAD926-33A4-4C8A-9676-944C13083405}.AppStore|ARM.Deploy.0 = Debug|Any CPU
		{AFBAD926-33A4-4C8A-9676-944C13083405}.AppStore|iPhone.ActiveCfg = Debug|Any CPU
		{AFBAD926-33A4-4C8A-9676-944C13083405}.AppStore|iPhone.Build.0 = Debug|Any CPU
		{AFBAD926-33A4-4C8A-9676-944C13083405}.AppStore|iPhone.Deploy.0 = Debug|Any CPU
		{AFBAD926-33A4-4C8A-9676-944C13083405}.AppStore|iPhoneSimulator.ActiveCfg = Debug|Any CPU
		{AFBAD926-33A4-4C8A-9676-944C13083405}.AppStore|iPhoneSimulator.Build.0 = Debug|Any CPU
		{AFBAD926-33A4-4C8A-9676-944C13083405}.AppStore|iPhoneSimulator.Deploy.0 = Debug|Any CPU
		{AFBAD926-33A4-4C8A-9676-944C13083405}.AppStore|x64.ActiveCfg = Debug|Any CPU
		{AFBAD926-33A4-4C8A-9676-944C13083405}.AppStore|x64.Build.0 = Debug|Any CPU
		{AFBAD926-33A4-4C8A-9676-944C13083405}.AppStore|x64.Deploy.0 = Debug|Any CPU
		{AFBAD926-33A4-4C8A-9676-944C13083405}.AppStore|x86.ActiveCfg = Debug|Any CPU
		{AFBAD926-33A4-4C8A-9676-944C13083405}.AppStore|x86.Build.0 = Debug|Any CPU
		{AFBAD926-33A4-4C8A-9676-944C13083405}.AppStore|x86.Deploy.0 = Debug|Any CPU
		{AFBAD926-33A4-4C8A-9676-944C13083405}.Debug|Any CPU.ActiveCfg = Debug|Any CPU
		{AFBAD926-33A4-4C8A-9676-944C13083405}.Debug|Any CPU.Build.0 = Debug|Any CPU
		{AFBAD926-33A4-4C8A-9676-944C13083405}.Debug|Any CPU.Deploy.0 = Debug|Any CPU
		{AFBAD926-33A4-4C8A-9676-944C13083405}.Debug|ARM.ActiveCfg = Debug|Any CPU
		{AFBAD926-33A4-4C8A-9676-944C13083405}.Debug|ARM.Build.0 = Debug|Any CPU
		{AFBAD926-33A4-4C8A-9676-944C13083405}.Debug|ARM.Deploy.0 = Debug|Any CPU
		{AFBAD926-33A4-4C8A-9676-944C13083405}.Debug|iPhone.ActiveCfg = Debug|Any CPU
		{AFBAD926-33A4-4C8A-9676-944C13083405}.Debug|iPhone.Build.0 = Debug|Any CPU
		{AFBAD926-33A4-4C8A-9676-944C13083405}.Debug|iPhone.Deploy.0 = Debug|Any CPU
		{AFBAD926-33A4-4C8A-9676-944C13083405}.Debug|iPhoneSimulator.ActiveCfg = Debug|Any CPU
		{AFBAD926-33A4-4C8A-9676-944C13083405}.Debug|iPhoneSimulator.Build.0 = Debug|Any CPU
		{AFBAD926-33A4-4C8A-9676-944C13083405}.Debug|iPhoneSimulator.Deploy.0 = Debug|Any CPU
		{AFBAD926-33A4-4C8A-9676-944C13083405}.Debug|x64.ActiveCfg = Debug|Any CPU
		{AFBAD926-33A4-4C8A-9676-944C13083405}.Debug|x64.Build.0 = Debug|Any CPU
		{AFBAD926-33A4-4C8A-9676-944C13083405}.Debug|x64.Deploy.0 = Debug|Any CPU
		{AFBAD926-33A4-4C8A-9676-944C13083405}.Debug|x86.ActiveCfg = Debug|Any CPU
		{AFBAD926-33A4-4C8A-9676-944C13083405}.Debug|x86.Build.0 = Debug|Any CPU
		{AFBAD926-33A4-4C8A-9676-944C13083405}.Debug|x86.Deploy.0 = Debug|Any CPU
		{AFBAD926-33A4-4C8A-9676-944C13083405}.Release|Any CPU.ActiveCfg = Release|Any CPU
		{AFBAD926-33A4-4C8A-9676-944C13083405}.Release|Any CPU.Build.0 = Release|Any CPU
		{AFBAD926-33A4-4C8A-9676-944C13083405}.Release|Any CPU.Deploy.0 = Release|Any CPU
		{AFBAD926-33A4-4C8A-9676-944C13083405}.Release|ARM.ActiveCfg = Release|Any CPU
		{AFBAD926-33A4-4C8A-9676-944C13083405}.Release|ARM.Build.0 = Release|Any CPU
		{AFBAD926-33A4-4C8A-9676-944C13083405}.Release|ARM.Deploy.0 = Release|Any CPU
		{AFBAD926-33A4-4C8A-9676-944C13083405}.Release|iPhone.ActiveCfg = Release|Any CPU
		{AFBAD926-33A4-4C8A-9676-944C13083405}.Release|iPhone.Build.0 = Release|Any CPU
		{AFBAD926-33A4-4C8A-9676-944C13083405}.Release|iPhone.Deploy.0 = Release|Any CPU
		{AFBAD926-33A4-4C8A-9676-944C13083405}.Release|iPhoneSimulator.ActiveCfg = Release|Any CPU
		{AFBAD926-33A4-4C8A-9676-944C13083405}.Release|iPhoneSimulator.Build.0 = Release|Any CPU
		{AFBAD926-33A4-4C8A-9676-944C13083405}.Release|iPhoneSimulator.Deploy.0 = Release|Any CPU
		{AFBAD926-33A4-4C8A-9676-944C13083405}.Release|x64.ActiveCfg = Release|Any CPU
		{AFBAD926-33A4-4C8A-9676-944C13083405}.Release|x64.Build.0 = Release|Any CPU
		{AFBAD926-33A4-4C8A-9676-944C13083405}.Release|x64.Deploy.0 = Release|Any CPU
		{AFBAD926-33A4-4C8A-9676-944C13083405}.Release|x86.ActiveCfg = Release|Any CPU
		{AFBAD926-33A4-4C8A-9676-944C13083405}.Release|x86.Build.0 = Release|Any CPU
		{AFBAD926-33A4-4C8A-9676-944C13083405}.Release|x86.Deploy.0 = Release|Any CPU
	EndGlobalSection
	GlobalSection(SolutionProperties) = preSolution
		HideSolutionNode = FALSE
	EndGlobalSection
	GlobalSection(ExtensibilityGlobals) = postSolution
		SolutionGuid = {4534769F-7E3F-40E3-9258-C0C677252847}
	EndGlobalSection
EndGlobal
